
Microsoft Visual Studio Solution File, Format Version 12.00
# Visual Studio Version 17
VisualStudioVersion = 17.0.31903.59
MinimumVisualStudioVersion = 10.0.40219.1
Project("{FAE04EC0-301F-11D3-BF4B-00C04F79EFBC}") = "Quick.Students.Infrastructure", "Quick.Students.Infrastructure\Quick.Students.Infrastructure.csproj", "{164DA610-CFD8-4535-A0C1-9EB6B0A91961}"
EndProject
Project("{FAE04EC0-301F-11D3-BF4B-00C04F79EFBC}") = "Quick.Students.Domain", "Quick.Students.Domain\Quick.Students.Domain.csproj", "{ABC43F19-88F4-4F0E-BD62-82C2F4CB5498}"
EndProject
Global
	GlobalSection(SolutionConfigurationPlatforms) = preSolution
		Debug|Any CPU = Debug|Any CPU
		Release|Any CPU = Release|Any CPU
	EndGlobalSection
	GlobalSection(SolutionProperties) = preSolution
		HideSolutionNode = FALSE
	EndGlobalSection
	GlobalSection(ProjectConfigurationPlatforms) = postSolution
		{164DA610-CFD8-4535-A0C1-9EB6B0A91961}.Debug|Any CPU.ActiveCfg = Debug|Any CPU
		{164DA610-CFD8-4535-A0C1-9EB6B0A91961}.Debug|Any CPU.Build.0 = Debug|Any CPU
		{164DA610-CFD8-4535-A0C1-9EB6B0A91961}.Release|Any CPU.ActiveCfg = Release|Any CPU
		{164DA610-CFD8-4535-A0C1-9EB6B0A91961}.Release|Any CPU.Build.0 = Release|Any CPU
		{ABC43F19-88F4-4F0E-BD62-82C2F4CB5498}.Debug|Any CPU.ActiveCfg = Debug|Any CPU
		{ABC43F19-88F4-4F0E-BD62-82C2F4CB5498}.Debug|Any CPU.Build.0 = Debug|Any CPU
		{ABC43F19-88F4-4F0E-BD62-82C2F4CB5498}.Release|Any CPU.ActiveCfg = Release|Any CPU
		{ABC43F19-88F4-4F0E-BD62-82C2F4CB5498}.Release|Any CPU.Build.0 = Release|Any CPU
	EndGlobalSection
EndGlobal
